// !$*UTF8*$!
{
	archiveVersion = 1;
	classes = {
	};
	objectVersion = 55;
	objects = {

/* Begin PBXBuildFile section */
		20E1F98628B264C7006B7A02 /* AppDelegate.swift in Sources */ = {isa = PBXBuildFile; fileRef = 20E1F98528B264C7006B7A02 /* AppDelegate.swift */; };
		20E1F98828B264C7006B7A02 /* SceneDelegate.swift in Sources */ = {isa = PBXBuildFile; fileRef = 20E1F98728B264C7006B7A02 /* SceneDelegate.swift */; };
		20E1F98A28B264C7006B7A02 /* ImageSearchViewController.swift in Sources */ = {isa = PBXBuildFile; fileRef = 20E1F98928B264C7006B7A02 /* ImageSearchViewController.swift */; };
		20E1F98D28B264C7006B7A02 /* Main.storyboard in Resources */ = {isa = PBXBuildFile; fileRef = 20E1F98B28B264C7006B7A02 /* Main.storyboard */; };
		20E1F98F28B264C8006B7A02 /* Assets.xcassets in Resources */ = {isa = PBXBuildFile; fileRef = 20E1F98E28B264C8006B7A02 /* Assets.xcassets */; };
		20E1F99228B264C8006B7A02 /* LaunchScreen.storyboard in Resources */ = {isa = PBXBuildFile; fileRef = 20E1F99028B264C8006B7A02 /* LaunchScreen.storyboard */; };
		20E1F99D28B264C8006B7A02 /* PresenterTests.swift in Sources */ = {isa = PBXBuildFile; fileRef = 20E1F99C28B264C8006B7A02 /* PresenterTests.swift */; };
		20E1F9A728B264C8006B7A02 /* iOS_flickr_searchUITests.swift in Sources */ = {isa = PBXBuildFile; fileRef = 20E1F9A628B264C8006B7A02 /* iOS_flickr_searchUITests.swift */; };
		20E1F9A928B264C8006B7A02 /* iOS_flickr_searchUITestsLaunchTests.swift in Sources */ = {isa = PBXBuildFile; fileRef = 20E1F9A828B264C8006B7A02 /* iOS_flickr_searchUITestsLaunchTests.swift */; };
		20E1F9B628B265C0006B7A02 /* ImageDownloadService.swift in Sources */ = {isa = PBXBuildFile; fileRef = 20E1F9B528B265C0006B7A02 /* ImageDownloadService.swift */; };
		20E1F9B828B2660D006B7A02 /* ImageItem.swift in Sources */ = {isa = PBXBuildFile; fileRef = 20E1F9B728B2660D006B7A02 /* ImageItem.swift */; };
		20E1F9BD28B26796006B7A02 /* ImageCollectionViewCell.swift in Sources */ = {isa = PBXBuildFile; fileRef = 20E1F9BC28B26796006B7A02 /* ImageCollectionViewCell.swift */; };
		20E1F9C028B268CC006B7A02 /* ImageSearchPresenter.swift in Sources */ = {isa = PBXBuildFile; fileRef = 20E1F9BF28B268CC006B7A02 /* ImageSearchPresenter.swift */; };
		20E1F9C228B3D619006B7A02 /* ImageInfoViewController.swift in Sources */ = {isa = PBXBuildFile; fileRef = 20E1F9C128B3D619006B7A02 /* ImageInfoViewController.swift */; };
		20E1F9C428B3DDD1006B7A02 /* ImageInfo.swift in Sources */ = {isa = PBXBuildFile; fileRef = 20E1F9C328B3DDD1006B7A02 /* ImageInfo.swift */; };
		20E1F9C628B3E5B5006B7A02 /* ImageInfoPresenter.swift in Sources */ = {isa = PBXBuildFile; fileRef = 20E1F9C528B3E5B5006B7A02 /* ImageInfoPresenter.swift */; };
/* End PBXBuildFile section */

/* Begin PBXContainerItemProxy section */
		20E1F99928B264C8006B7A02 /* PBXContainerItemProxy */ = {
			isa = PBXContainerItemProxy;
			containerPortal = 20E1F97A28B264C6006B7A02 /* Project object */;
			proxyType = 1;
			remoteGlobalIDString = 20E1F98128B264C7006B7A02;
			remoteInfo = "iOS-flickr-search";
		};
		20E1F9A328B264C8006B7A02 /* PBXContainerItemProxy */ = {
			isa = PBXContainerItemProxy;
			containerPortal = 20E1F97A28B264C6006B7A02 /* Project object */;
			proxyType = 1;
			remoteGlobalIDString = 20E1F98128B264C7006B7A02;
			remoteInfo = "iOS-flickr-search";
		};
/* End PBXContainerItemProxy section */

/* Begin PBXFileReference section */
		20E1F98228B264C7006B7A02 /* iOS-flickr-search.app */ = {isa = PBXFileReference; explicitFileType = wrapper.application; includeInIndex = 0; path = "iOS-flickr-search.app"; sourceTree = BUILT_PRODUCTS_DIR; };
		20E1F98528B264C7006B7A02 /* AppDelegate.swift */ = {isa = PBXFileReference; lastKnownFileType = sourcecode.swift; path = AppDelegate.swift; sourceTree = "<group>"; };
		20E1F98728B264C7006B7A02 /* SceneDelegate.swift */ = {isa = PBXFileReference; lastKnownFileType = sourcecode.swift; path = SceneDelegate.swift; sourceTree = "<group>"; };
		20E1F98928B264C7006B7A02 /* ImageSearchViewController.swift */ = {isa = PBXFileReference; lastKnownFileType = sourcecode.swift; path = ImageSearchViewController.swift; sourceTree = "<group>"; };
		20E1F98C28B264C7006B7A02 /* Base */ = {isa = PBXFileReference; lastKnownFileType = file.storyboard; name = Base; path = Base.lproj/Main.storyboard; sourceTree = "<group>"; };
		20E1F98E28B264C8006B7A02 /* Assets.xcassets */ = {isa = PBXFileReference; lastKnownFileType = folder.assetcatalog; path = Assets.xcassets; sourceTree = "<group>"; };
		20E1F99128B264C8006B7A02 /* Base */ = {isa = PBXFileReference; lastKnownFileType = file.storyboard; name = Base; path = Base.lproj/LaunchScreen.storyboard; sourceTree = "<group>"; };
		20E1F99328B264C8006B7A02 /* Info.plist */ = {isa = PBXFileReference; lastKnownFileType = text.plist.xml; path = Info.plist; sourceTree = "<group>"; };
		20E1F99828B264C8006B7A02 /* iOS-flickr-searchTests.xctest */ = {isa = PBXFileReference; explicitFileType = wrapper.cfbundle; includeInIndex = 0; path = "iOS-flickr-searchTests.xctest"; sourceTree = BUILT_PRODUCTS_DIR; };
		20E1F99C28B264C8006B7A02 /* PresenterTests.swift */ = {isa = PBXFileReference; lastKnownFileType = sourcecode.swift; path = PresenterTests.swift; sourceTree = "<group>"; };
		20E1F9A228B264C8006B7A02 /* iOS-flickr-searchUITests.xctest */ = {isa = PBXFileReference; explicitFileType = wrapper.cfbundle; includeInIndex = 0; path = "iOS-flickr-searchUITests.xctest"; sourceTree = BUILT_PRODUCTS_DIR; };
		20E1F9A628B264C8006B7A02 /* iOS_flickr_searchUITests.swift */ = {isa = PBXFileReference; lastKnownFileType = sourcecode.swift; path = iOS_flickr_searchUITests.swift; sourceTree = "<group>"; };
		20E1F9A828B264C8006B7A02 /* iOS_flickr_searchUITestsLaunchTests.swift */ = {isa = PBXFileReference; lastKnownFileType = sourcecode.swift; path = iOS_flickr_searchUITestsLaunchTests.swift; sourceTree = "<group>"; };
		20E1F9B528B265C0006B7A02 /* ImageDownloadService.swift */ = {isa = PBXFileReference; lastKnownFileType = sourcecode.swift; path = ImageDownloadService.swift; sourceTree = "<group>"; };
		20E1F9B728B2660D006B7A02 /* ImageItem.swift */ = {isa = PBXFileReference; lastKnownFileType = sourcecode.swift; path = ImageItem.swift; sourceTree = "<group>"; };
		20E1F9BC28B26796006B7A02 /* ImageCollectionViewCell.swift */ = {isa = PBXFileReference; lastKnownFileType = sourcecode.swift; path = ImageCollectionViewCell.swift; sourceTree = "<group>"; };
		20E1F9BF28B268CC006B7A02 /* ImageSearchPresenter.swift */ = {isa = PBXFileReference; lastKnownFileType = sourcecode.swift; path = ImageSearchPresenter.swift; sourceTree = "<group>"; };
		20E1F9C128B3D619006B7A02 /* ImageInfoViewController.swift */ = {isa = PBXFileReference; lastKnownFileType = sourcecode.swift; path = ImageInfoViewController.swift; sourceTree = "<group>"; };
		20E1F9C328B3DDD1006B7A02 /* ImageInfo.swift */ = {isa = PBXFileReference; lastKnownFileType = sourcecode.swift; path = ImageInfo.swift; sourceTree = "<group>"; };
		20E1F9C528B3E5B5006B7A02 /* ImageInfoPresenter.swift */ = {isa = PBXFileReference; lastKnownFileType = sourcecode.swift; path = ImageInfoPresenter.swift; sourceTree = "<group>"; };
/* End PBXFileReference section */

/* Begin PBXFrameworksBuildPhase section */
		20E1F97F28B264C7006B7A02 /* Frameworks */ = {
			isa = PBXFrameworksBuildPhase;
			buildActionMask = 2147483647;
			files = (
			);
			runOnlyForDeploymentPostprocessing = 0;
		};
		20E1F99528B264C8006B7A02 /* Frameworks */ = {
			isa = PBXFrameworksBuildPhase;
			buildActionMask = 2147483647;
			files = (
			);
			runOnlyForDeploymentPostprocessing = 0;
		};
		20E1F99F28B264C8006B7A02 /* Frameworks */ = {
			isa = PBXFrameworksBuildPhase;
			buildActionMask = 2147483647;
			files = (
			);
			runOnlyForDeploymentPostprocessing = 0;
		};
/* End PBXFrameworksBuildPhase section */

/* Begin PBXGroup section */
		20E1F97928B264C6006B7A02 = {
			isa = PBXGroup;
			children = (
				20E1F98428B264C7006B7A02 /* iOS-flickr-search */,
				20E1F99B28B264C8006B7A02 /* iOS-flickr-searchTests */,
				20E1F9A528B264C8006B7A02 /* iOS-flickr-searchUITests */,
				20E1F98328B264C7006B7A02 /* Products */,
			);
			sourceTree = "<group>";
		};
		20E1F98328B264C7006B7A02 /* Products */ = {
			isa = PBXGroup;
			children = (
				20E1F98228B264C7006B7A02 /* iOS-flickr-search.app */,
				20E1F99828B264C8006B7A02 /* iOS-flickr-searchTests.xctest */,
				20E1F9A228B264C8006B7A02 /* iOS-flickr-searchUITests.xctest */,
			);
			name = Products;
			sourceTree = "<group>";
		};
		20E1F98428B264C7006B7A02 /* iOS-flickr-search */ = {
			isa = PBXGroup;
			children = (
				20E1F98528B264C7006B7A02 /* AppDelegate.swift */,
				20E1F98728B264C7006B7A02 /* SceneDelegate.swift */,
				20E1F98B28B264C7006B7A02 /* Main.storyboard */,
				20E1F98E28B264C8006B7A02 /* Assets.xcassets */,
				20E1F99028B264C8006B7A02 /* LaunchScreen.storyboard */,
				20E1F9BB28B26779006B7A02 /* View */,
				20E1F9BE28B268B2006B7A02 /* Presenter */,
				20E1F9B928B26635006B7A02 /* Service */,
				20E1F9BA28B26640006B7A02 /* Model */,
				20E1F99328B264C8006B7A02 /* Info.plist */,
			);
			path = "iOS-flickr-search";
			sourceTree = "<group>";
		};
		20E1F99B28B264C8006B7A02 /* iOS-flickr-searchTests */ = {
			isa = PBXGroup;
			children = (
				20E1F99C28B264C8006B7A02 /* PresenterTests.swift */,
			);
			path = "iOS-flickr-searchTests";
			sourceTree = "<group>";
		};
		20E1F9A528B264C8006B7A02 /* iOS-flickr-searchUITests */ = {
			isa = PBXGroup;
			children = (
				20E1F9A628B264C8006B7A02 /* iOS_flickr_searchUITests.swift */,
				20E1F9A828B264C8006B7A02 /* iOS_flickr_searchUITestsLaunchTests.swift */,
			);
			path = "iOS-flickr-searchUITests";
			sourceTree = "<group>";
		};
		20E1F9B928B26635006B7A02 /* Service */ = {
			isa = PBXGroup;
			children = (
				20E1F9B528B265C0006B7A02 /* ImageDownloadService.swift */,
			);
			path = Service;
			sourceTree = "<group>";
		};
		20E1F9BA28B26640006B7A02 /* Model */ = {
			isa = PBXGroup;
			children = (
				20E1F9B728B2660D006B7A02 /* ImageItem.swift */,
				20E1F9C328B3DDD1006B7A02 /* ImageInfo.swift */,
			);
			path = Model;
			sourceTree = "<group>";
		};
		20E1F9BB28B26779006B7A02 /* View */ = {
			isa = PBXGroup;
			children = (
				20E1F98928B264C7006B7A02 /* ImageSearchViewController.swift */,
				20E1F9BC28B26796006B7A02 /* ImageCollectionViewCell.swift */,
				20E1F9C128B3D619006B7A02 /* ImageInfoViewController.swift */,
			);
			path = View;
			sourceTree = "<group>";
		};
		20E1F9BE28B268B2006B7A02 /* Presenter */ = {
			isa = PBXGroup;
			children = (
				20E1F9BF28B268CC006B7A02 /* ImageSearchPresenter.swift */,
				20E1F9C528B3E5B5006B7A02 /* ImageInfoPresenter.swift */,
			);
			path = Presenter;
			sourceTree = "<group>";
		};
/* End PBXGroup section */

/* Begin PBXNativeTarget section */
		20E1F98128B264C7006B7A02 /* iOS-flickr-search */ = {
			isa = PBXNativeTarget;
			buildConfigurationList = 20E1F9AC28B264C8006B7A02 /* Build configuration list for PBXNativeTarget "iOS-flickr-search" */;
			buildPhases = (
				20E1F97E28B264C7006B7A02 /* Sources */,
				20E1F97F28B264C7006B7A02 /* Frameworks */,
				20E1F98028B264C7006B7A02 /* Resources */,
			);
			buildRules = (
			);
			dependencies = (
			);
			name = "iOS-flickr-search";
			productName = "iOS-flickr-search";
			productReference = 20E1F98228B264C7006B7A02 /* iOS-flickr-search.app */;
			productType = "com.apple.product-type.application";
		};
		20E1F99728B264C8006B7A02 /* iOS-flickr-searchTests */ = {
			isa = PBXNativeTarget;
			buildConfigurationList = 20E1F9AF28B264C8006B7A02 /* Build configuration list for PBXNativeTarget "iOS-flickr-searchTests" */;
			buildPhases = (
				20E1F99428B264C8006B7A02 /* Sources */,
				20E1F99528B264C8006B7A02 /* Frameworks */,
				20E1F99628B264C8006B7A02 /* Resources */,
			);
			buildRules = (
			);
			dependencies = (
				20E1F99A28B264C8006B7A02 /* PBXTargetDependency */,
			);
			name = "iOS-flickr-searchTests";
			productName = "iOS-flickr-searchTests";
			productReference = 20E1F99828B264C8006B7A02 /* iOS-flickr-searchTests.xctest */;
			productType = "com.apple.product-type.bundle.unit-test";
		};
		20E1F9A128B264C8006B7A02 /* iOS-flickr-searchUITests */ = {
			isa = PBXNativeTarget;
			buildConfigurationList = 20E1F9B228B264C8006B7A02 /* Build configuration list for PBXNativeTarget "iOS-flickr-searchUITests" */;
			buildPhases = (
				20E1F99E28B264C8006B7A02 /* Sources */,
				20E1F99F28B264C8006B7A02 /* Frameworks */,
				20E1F9A028B264C8006B7A02 /* Resources */,
			);
			buildRules = (
			);
			dependencies = (
				20E1F9A428B264C8006B7A02 /* PBXTargetDependency */,
			);
			name = "iOS-flickr-searchUITests";
			productName = "iOS-flickr-searchUITests";
			productReference = 20E1F9A228B264C8006B7A02 /* iOS-flickr-searchUITests.xctest */;
			productType = "com.apple.product-type.bundle.ui-testing";
		};
/* End PBXNativeTarget section */

/* Begin PBXProject section */
		20E1F97A28B264C6006B7A02 /* Project object */ = {
			isa = PBXProject;
			attributes = {
				BuildIndependentTargetsInParallel = 1;
				LastSwiftUpdateCheck = 1340;
				LastUpgradeCheck = 1340;
				TargetAttributes = {
					20E1F98128B264C7006B7A02 = {
						CreatedOnToolsVersion = 13.4.1;
					};
					20E1F99728B264C8006B7A02 = {
						CreatedOnToolsVersion = 13.4.1;
						TestTargetID = 20E1F98128B264C7006B7A02;
					};
					20E1F9A128B264C8006B7A02 = {
						CreatedOnToolsVersion = 13.4.1;
						TestTargetID = 20E1F98128B264C7006B7A02;
					};
				};
			};
			buildConfigurationList = 20E1F97D28B264C6006B7A02 /* Build configuration list for PBXProject "iOS-flickr-search" */;
			compatibilityVersion = "Xcode 13.0";
			developmentRegion = en;
			hasScannedForEncodings = 0;
			knownRegions = (
				en,
				Base,
			);
			mainGroup = 20E1F97928B264C6006B7A02;
			productRefGroup = 20E1F98328B264C7006B7A02 /* Products */;
			projectDirPath = "";
			projectRoot = "";
			targets = (
				20E1F98128B264C7006B7A02 /* iOS-flickr-search */,
				20E1F99728B264C8006B7A02 /* iOS-flickr-searchTests */,
				20E1F9A128B264C8006B7A02 /* iOS-flickr-searchUITests */,
			);
		};
/* End PBXProject section */

/* Begin PBXResourcesBuildPhase section */
		20E1F98028B264C7006B7A02 /* Resources */ = {
			isa = PBXResourcesBuildPhase;
			buildActionMask = 2147483647;
			files = (
				20E1F99228B264C8006B7A02 /* LaunchScreen.storyboard in Resources */,
				20E1F98F28B264C8006B7A02 /* Assets.xcassets in Resources */,
				20E1F98D28B264C7006B7A02 /* Main.storyboard in Resources */,
			);
			runOnlyForDeploymentPostprocessing = 0;
		};
		20E1F99628B264C8006B7A02 /* Resources */ = {
			isa = PBXResourcesBuildPhase;
			buildActionMask = 2147483647;
			files = (
			);
			runOnlyForDeploymentPostprocessing = 0;
		};
		20E1F9A028B264C8006B7A02 /* Resources */ = {
			isa = PBXResourcesBuildPhase;
			buildActionMask = 2147483647;
			files = (
			);
			runOnlyForDeploymentPostprocessing = 0;
		};
/* End PBXResourcesBuildPhase section */

/* Begin PBXSourcesBuildPhase section */
		20E1F97E28B264C7006B7A02 /* Sources */ = {
			isa = PBXSourcesBuildPhase;
			buildActionMask = 2147483647;
			files = (
				20E1F98A28B264C7006B7A02 /* ImageSearchViewController.swift in Sources */,
				20E1F9C028B268CC006B7A02 /* ImageSearchPresenter.swift in Sources */,
				20E1F9B628B265C0006B7A02 /* ImageDownloadService.swift in Sources */,
				20E1F9C428B3DDD1006B7A02 /* ImageInfo.swift in Sources */,
				20E1F9BD28B26796006B7A02 /* ImageCollectionViewCell.swift in Sources */,
				20E1F98628B264C7006B7A02 /* AppDelegate.swift in Sources */,
				20E1F98828B264C7006B7A02 /* SceneDelegate.swift in Sources */,
				20E1F9C228B3D619006B7A02 /* ImageInfoViewController.swift in Sources */,
				20E1F9C628B3E5B5006B7A02 /* ImageInfoPresenter.swift in Sources */,
				20E1F9B828B2660D006B7A02 /* ImageItem.swift in Sources */,
			);
			runOnlyForDeploymentPostprocessing = 0;
		};
		20E1F99428B264C8006B7A02 /* Sources */ = {
			isa = PBXSourcesBuildPhase;
			buildActionMask = 2147483647;
			files = (
				20E1F99D28B264C8006B7A02 /* PresenterTests.swift in Sources */,
			);
			runOnlyForDeploymentPostprocessing = 0;
		};
		20E1F99E28B264C8006B7A02 /* Sources */ = {
			isa = PBXSourcesBuildPhase;
			buildActionMask = 2147483647;
			files = (
				20E1F9A728B264C8006B7A02 /* iOS_flickr_searchUITests.swift in Sources */,
				20E1F9A928B264C8006B7A02 /* iOS_flickr_searchUITestsLaunchTests.swift in Sources */,
			);
			runOnlyForDeploymentPostprocessing = 0;
		};
/* End PBXSourcesBuildPhase section */

/* Begin PBXTargetDependency section */
		20E1F99A28B264C8006B7A02 /* PBXTargetDependency */ = {
			isa = PBXTargetDependency;
			target = 20E1F98128B264C7006B7A02 /* iOS-flickr-search */;
			targetProxy = 20E1F99928B264C8006B7A02 /* PBXContainerItemProxy */;
		};
		20E1F9A428B264C8006B7A02 /* PBXTargetDependency */ = {
			isa = PBXTargetDependency;
			target = 20E1F98128B264C7006B7A02 /* iOS-flickr-search */;
			targetProxy = 20E1F9A328B264C8006B7A02 /* PBXContainerItemProxy */;
		};
/* End PBXTargetDependency section */

/* Begin PBXVariantGroup section */
		20E1F98B28B264C7006B7A02 /* Main.storyboard */ = {
			isa = PBXVariantGroup;
			children = (
				20E1F98C28B264C7006B7A02 /* Base */,
			);
			name = Main.storyboard;
			sourceTree = "<group>";
		};
		20E1F99028B264C8006B7A02 /* LaunchScreen.storyboard */ = {
			isa = PBXVariantGroup;
			children = (
				20E1F99128B264C8006B7A02 /* Base */,
			);
			name = LaunchScreen.storyboard;
			sourceTree = "<group>";
		};
/* End PBXVariantGroup section */

/* Begin XCBuildConfiguration section */
		20E1F9AA28B264C8006B7A02 /* Debug */ = {
			isa = XCBuildConfiguration;
			buildSettings = {
				ALWAYS_SEARCH_USER_PATHS = NO;
				CLANG_ANALYZER_NONNULL = YES;
				CLANG_ANALYZER_NUMBER_OBJECT_CONVERSION = YES_AGGRESSIVE;
				CLANG_CXX_LANGUAGE_STANDARD = "gnu++17";
				CLANG_ENABLE_MODULES = YES;
				CLANG_ENABLE_OBJC_ARC = YES;
				CLANG_ENABLE_OBJC_WEAK = YES;
				CLANG_WARN_BLOCK_CAPTURE_AUTORELEASING = YES;
				CLANG_WARN_BOOL_CONVERSION = YES;
				CLANG_WARN_COMMA = YES;
				CLANG_WARN_CONSTANT_CONVERSION = YES;
				CLANG_WARN_DEPRECATED_OBJC_IMPLEMENTATIONS = YES;
				CLANG_WARN_DIRECT_OBJC_ISA_USAGE = YES_ERROR;
				CLANG_WARN_DOCUMENTATION_COMMENTS = YES;
				CLANG_WARN_EMPTY_BODY = YES;
				CLANG_WARN_ENUM_CONVERSION = YES;
				CLANG_WARN_INFINITE_RECURSION = YES;
				CLANG_WARN_INT_CONVERSION = YES;
				CLANG_WARN_NON_LITERAL_NULL_CONVERSION = YES;
				CLANG_WARN_OBJC_IMPLICIT_RETAIN_SELF = YES;
				CLANG_WARN_OBJC_LITERAL_CONVERSION = YES;
				CLANG_WARN_OBJC_ROOT_CLASS = YES_ERROR;
				CLANG_WARN_QUOTED_INCLUDE_IN_FRAMEWORK_HEADER = YES;
				CLANG_WARN_RANGE_LOOP_ANALYSIS = YES;
				CLANG_WARN_STRICT_PROTOTYPES = YES;
				CLANG_WARN_SUSPICIOUS_MOVE = YES;
				CLANG_WARN_UNGUARDED_AVAILABILITY = YES_AGGRESSIVE;
				CLANG_WARN_UNREACHABLE_CODE = YES;
				CLANG_WARN__DUPLICATE_METHOD_MATCH = YES;
				COPY_PHASE_STRIP = NO;
				DEBUG_INFORMATION_FORMAT = dwarf;
				ENABLE_STRICT_OBJC_MSGSEND = YES;
				ENABLE_TESTABILITY = YES;
				GCC_C_LANGUAGE_STANDARD = gnu11;
				GCC_DYNAMIC_NO_PIC = NO;
				GCC_NO_COMMON_BLOCKS = YES;
				GCC_OPTIMIZATION_LEVEL = 0;
				GCC_PREPROCESSOR_DEFINITIONS = (
					"DEBUG=1",
					"$(inherited)",
				);
				GCC_WARN_64_TO_32_BIT_CONVERSION = YES;
				GCC_WARN_ABOUT_RETURN_TYPE = YES_ERROR;
				GCC_WARN_UNDECLARED_SELECTOR = YES;
				GCC_WARN_UNINITIALIZED_AUTOS = YES_AGGRESSIVE;
				GCC_WARN_UNUSED_FUNCTION = YES;
				GCC_WARN_UNUSED_VARIABLE = YES;
				IPHONEOS_DEPLOYMENT_TARGET = 15.5;
				MTL_ENABLE_DEBUG_INFO = INCLUDE_SOURCE;
				MTL_FAST_MATH = YES;
				ONLY_ACTIVE_ARCH = YES;
				SDKROOT = iphoneos;
				SWIFT_ACTIVE_COMPILATION_CONDITIONS = DEBUG;
				SWIFT_OPTIMIZATION_LEVEL = "-Onone";
			};
			name = Debug;
		};
		20E1F9AB28B264C8006B7A02 /* Release */ = {
			isa = XCBuildConfiguration;
			buildSettings = {
				ALWAYS_SEARCH_USER_PATHS = NO;
				CLANG_ANALYZER_NONNULL = YES;
				CLANG_ANALYZER_NUMBER_OBJECT_CONVERSION = YES_AGGRESSIVE;
				CLANG_CXX_LANGUAGE_STANDARD = "gnu++17";
				CLANG_ENABLE_MODULES = YES;
				CLANG_ENABLE_OBJC_ARC = YES;
				CLANG_ENABLE_OBJC_WEAK = YES;
				CLANG_WARN_BLOCK_CAPTURE_AUTORELEASING = YES;
				CLANG_WARN_BOOL_CONVERSION = YES;
				CLANG_WARN_COMMA = YES;
				CLANG_WARN_CONSTANT_CONVERSION = YES;
				CLANG_WARN_DEPRECATED_OBJC_IMPLEMENTATIONS = YES;
				CLANG_WARN_DIRECT_OBJC_ISA_USAGE = YES_ERROR;
				CLANG_WARN_DOCUMENTATION_COMMENTS = YES;
				CLANG_WARN_EMPTY_BODY = YES;
				CLANG_WARN_ENUM_CONVERSION = YES;
				CLANG_WARN_INFINITE_RECURSION = YES;
				CLANG_WARN_INT_CONVERSION = YES;
				CLANG_WARN_NON_LITERAL_NULL_CONVERSION = YES;
				CLANG_WARN_OBJC_IMPLICIT_RETAIN_SELF = YES;
				CLANG_WARN_OBJC_LITERAL_CONVERSION = YES;
				CLANG_WARN_OBJC_ROOT_CLASS = YES_ERROR;
				CLANG_WARN_QUOTED_INCLUDE_IN_FRAMEWORK_HEADER = YES;
				CLANG_WARN_RANGE_LOOP_ANALYSIS = YES;
				CLANG_WARN_STRICT_PROTOTYPES = YES;
				CLANG_WARN_SUSPICIOUS_MOVE = YES;
				CLANG_WARN_UNGUARDED_AVAILABILITY = YES_AGGRESSIVE;
				CLANG_WARN_UNREACHABLE_CODE = YES;
				CLANG_WARN__DUPLICATE_METHOD_MATCH = YES;
				COPY_PHASE_STRIP = NO;
				DEBUG_INFORMATION_FORMAT = "dwarf-with-dsym";
				ENABLE_NS_ASSERTIONS = NO;
				ENABLE_STRICT_OBJC_MSGSEND = YES;
				GCC_C_LANGUAGE_STANDARD = gnu11;
				GCC_NO_COMMON_BLOCKS = YES;
				GCC_WARN_64_TO_32_BIT_CONVERSION = YES;
				GCC_WARN_ABOUT_RETURN_TYPE = YES_ERROR;
				GCC_WARN_UNDECLARED_SELECTOR = YES;
				GCC_WARN_UNINITIALIZED_AUTOS = YES_AGGRESSIVE;
				GCC_WARN_UNUSED_FUNCTION = YES;
				GCC_WARN_UNUSED_VARIABLE = YES;
				IPHONEOS_DEPLOYMENT_TARGET = 15.5;
				MTL_ENABLE_DEBUG_INFO = NO;
				MTL_FAST_MATH = YES;
				SDKROOT = iphoneos;
				SWIFT_COMPILATION_MODE = wholemodule;
				SWIFT_OPTIMIZATION_LEVEL = "-O";
				VALIDATE_PRODUCT = YES;
			};
			name = Release;
		};
		20E1F9AD28B264C8006B7A02 /* Debug */ = {
			isa = XCBuildConfiguration;
			buildSettings = {
				ASSETCATALOG_COMPILER_APPICON_NAME = AppIcon;
				ASSETCATALOG_COMPILER_GLOBAL_ACCENT_COLOR_NAME = AccentColor;
				CODE_SIGN_STYLE = Automatic;
				CURRENT_PROJECT_VERSION = 1;
				GENERATE_INFOPLIST_FILE = YES;
				INFOPLIST_FILE = "iOS-flickr-search/Info.plist";
				INFOPLIST_KEY_UIApplicationSupportsIndirectInputEvents = YES;
				INFOPLIST_KEY_UILaunchStoryboardName = LaunchScreen;
				INFOPLIST_KEY_UIMainStoryboardFile = Main;
				INFOPLIST_KEY_UISupportedInterfaceOrientations_iPad = "UIInterfaceOrientationPortrait UIInterfaceOrientationPortraitUpsideDown UIInterfaceOrientationLandscapeLeft UIInterfaceOrientationLandscapeRight";
				INFOPLIST_KEY_UISupportedInterfaceOrientations_iPhone = "UIInterfaceOrientationPortrait UIInterfaceOrientationLandscapeLeft UIInterfaceOrientationLandscapeRight";
				LD_RUNPATH_SEARCH_PATHS = (
					"$(inherited)",
					"@executable_path/Frameworks",
				);
				MARKETING_VERSION = 1.0;
				PRODUCT_BUNDLE_IDENTIFIER = "johannesbjur.iOS-flickr-search";
				PRODUCT_NAME = "$(TARGET_NAME)";
				SWIFT_EMIT_LOC_STRINGS = YES;
				SWIFT_VERSION = 5.0;
				TARGETED_DEVICE_FAMILY = "1,2";
			};
			name = Debug;
		};
		20E1F9AE28B264C8006B7A02 /* Release */ = {
			isa = XCBuildConfiguration;
			buildSettings = {
				ASSETCATALOG_COMPILER_APPICON_NAME = AppIcon;
				ASSETCATALOG_COMPILER_GLOBAL_ACCENT_COLOR_NAME = AccentColor;
				CODE_SIGN_STYLE = Automatic;
				CURRENT_PROJECT_VERSION = 1;
				GENERATE_INFOPLIST_FILE = YES;
				INFOPLIST_FILE = "iOS-flickr-search/Info.plist";
				INFOPLIST_KEY_UIApplicationSupportsIndirectInputEvents = YES;
				INFOPLIST_KEY_UILaunchStoryboardName = LaunchScreen;
				INFOPLIST_KEY_UIMainStoryboardFile = Main;
				INFOPLIST_KEY_UISupportedInterfaceOrientations_iPad = "UIInterfaceOrientationPortrait UIInterfaceOrientationPortraitUpsideDown UIInterfaceOrientationLandscapeLeft UIInterfaceOrientationLandscapeRight";
				INFOPLIST_KEY_UISupportedInterfaceOrientations_iPhone = "UIInterfaceOrientationPortrait UIInterfaceOrientationLandscapeLeft UIInterfaceOrientationLandscapeRight";
				LD_RUNPATH_SEARCH_PATHS = (
					"$(inherited)",
					"@executable_path/Frameworks",
				);
				MARKETING_VERSION = 1.0;
				PRODUCT_BUNDLE_IDENTIFIER = "johannesbjur.iOS-flickr-search";
				PRODUCT_NAME = "$(TARGET_NAME)";
				SWIFT_EMIT_LOC_STRINGS = YES;
				SWIFT_VERSION = 5.0;
				TARGETED_DEVICE_FAMILY = "1,2";
			};
			name = Release;
		};
		20E1F9B028B264C8006B7A02 /* Debug */ = {
			isa = XCBuildConfiguration;
			buildSettings = {
				ALWAYS_EMBED_SWIFT_STANDARD_LIBRARIES = YES;
				BUNDLE_LOADER = "$(TEST_HOST)";
				CODE_SIGN_STYLE = Automatic;
				CURRENT_PROJECT_VERSION = 1;
				GENERATE_INFOPLIST_FILE = YES;
				IPHONEOS_DEPLOYMENT_TARGET = 15.5;
				MARKETING_VERSION = 1.0;
				PRODUCT_BUNDLE_IDENTIFIER = "johannesbjur.iOS-flickr-searchTests";
				PRODUCT_NAME = "$(TARGET_NAME)";
				SWIFT_EMIT_LOC_STRINGS = NO;
				SWIFT_VERSION = 5.0;
				TARGETED_DEVICE_FAMILY = "1,2";
				TEST_HOST = "$(BUILT_PRODUCTS_DIR)/iOS-flickr-search.app/iOS-flickr-search";
			};
			name = Debug;
		};
		20E1F9B128B264C8006B7A02 /* Release */ = {
			isa = XCBuildConfiguration;
			buildSettings = {
				ALWAYS_EMBED_SWIFT_STANDARD_LIBRARIES = YES;
				BUNDLE_LOADER = "$(TEST_HOST)";
				CODE_SIGN_STYLE = Automatic;
				CURRENT_PROJECT_VERSION = 1;
				GENERATE_INFOPLIST_FILE = YES;
				IPHONEOS_DEPLOYMENT_TARGET = 15.5;
				MARKETING_VERSION = 1.0;
				PRODUCT_BUNDLE_IDENTIFIER = "johannesbjur.iOS-flickr-searchTests";
				PRODUCT_NAME = "$(TARGET_NAME)";
				SWIFT_EMIT_LOC_STRINGS = NO;
				SWIFT_VERSION = 5.0;
				TARGETED_DEVICE_FAMILY = "1,2";
				TEST_HOST = "$(BUILT_PRODUCTS_DIR)/iOS-flickr-search.app/iOS-flickr-search";
			};
			name = Release;
		};
		20E1F9B328B264C8006B7A02 /* Debug */ = {
			isa = XCBuildConfiguration;
			buildSettings = {
				ALWAYS_EMBED_SWIFT_STANDARD_LIBRARIES = YES;
				CODE_SIGN_STYLE = Automatic;
				CURRENT_PROJECT_VERSION = 1;
				GENERATE_INFOPLIST_FILE = YES;
				MARKETING_VERSION = 1.0;
				PRODUCT_BUNDLE_IDENTIFIER = "johannesbjur.iOS-flickr-searchUITests";
				PRODUCT_NAME = "$(TARGET_NAME)";
				SWIFT_EMIT_LOC_STRINGS = NO;
				SWIFT_VERSION = 5.0;
				TARGETED_DEVICE_FAMILY = "1,2";
				TEST_TARGET_NAME = "iOS-flickr-search";
			};
			name = Debug;
		};
		20E1F9B428B264C8006B7A02 /* Release */ = {
			isa = XCBuildConfiguration;
			buildSettings = {
				ALWAYS_EMBED_SWIFT_STANDARD_LIBRARIES = YES;
				CODE_SIGN_STYLE = Automatic;
				CURRENT_PROJECT_VERSION = 1;
				GENERATE_INFOPLIST_FILE = YES;
				MARKETING_VERSION = 1.0;
				PRODUCT_BUNDLE_IDENTIFIER = "johannesbjur.iOS-flickr-searchUITests";
				PRODUCT_NAME = "$(TARGET_NAME)";
				SWIFT_EMIT_LOC_STRINGS = NO;
				SWIFT_VERSION = 5.0;
				TARGETED_DEVICE_FAMILY = "1,2";
				TEST_TARGET_NAME = "iOS-flickr-search";
			};
			name = Release;
		};
/* End XCBuildConfiguration section */

/* Begin XCConfigurationList section */
		20E1F97D28B264C6006B7A02 /* Build configuration list for PBXProject "iOS-flickr-search" */ = {
			isa = XCConfigurationList;
			buildConfigurations = (
				20E1F9AA28B264C8006B7A02 /* Debug */,
				20E1F9AB28B264C8006B7A02 /* Release */,
			);
			defaultConfigurationIsVisible = 0;
			defaultConfigurationName = Release;
		};
		20E1F9AC28B264C8006B7A02 /* Build configuration list for PBXNativeTarget "iOS-flickr-search" */ = {
			isa = XCConfigurationList;
			buildConfigurations = (
				20E1F9AD28B264C8006B7A02 /* Debug */,
				20E1F9AE28B264C8006B7A02 /* Release */,
			);
			defaultConfigurationIsVisible = 0;
			defaultConfigurationName = Release;
		};
		20E1F9AF28B264C8006B7A02 /* Build configuration list for PBXNativeTarget "iOS-flickr-searchTests" */ = {
			isa = XCConfigurationList;
			buildConfigurations = (
				20E1F9B028B264C8006B7A02 /* Debug */,
				20E1F9B128B264C8006B7A02 /* Release */,
			);
			defaultConfigurationIsVisible = 0;
			defaultConfigurationName = Release;
		};
		20E1F9B228B264C8006B7A02 /* Build configuration list for PBXNativeTarget "iOS-flickr-searchUITests" */ = {
			isa = XCConfigurationList;
			buildConfigurations = (
				20E1F9B328B264C8006B7A02 /* Debug */,
				20E1F9B428B264C8006B7A02 /* Release */,
			);
			defaultConfigurationIsVisible = 0;
			defaultConfigurationName = Release;
		};
/* End XCConfigurationList section */
	};
	rootObject = 20E1F97A28B264C6006B7A02 /* Project object */;
}
